
Microsoft Visual Studio Solution File, Format Version 12.00
# Visual Studio Version 16
VisualStudioVersion = 16.0.31112.23
MinimumVisualStudioVersion = 10.0.40219.1
Project("{FAE04EC0-301F-11D3-BF4B-00C04F79EFBC}") = "RepeatLoop", "RepeatLoop\RepeatLoop.csproj", "{357BCB56-E354-45F4-8D30-5D15A38614AC}"
EndProject
Global
	GlobalSection(SolutionConfigurationPlatforms) = preSolution
		Debug|Any CPU = Debug|Any CPU
		Release|Any CPU = Release|Any CPU
	EndGlobalSection
	GlobalSection(ProjectConfigurationPlatforms) = postSolution
		{357BCB56-E354-45F4-8D30-5D15A38614AC}.Debug|Any CPU.ActiveCfg = Debug|Any CPU
		{357BCB56-E354-45F4-8D30-5D15A38614AC}.Debug|Any CPU.Build.0 = Debug|Any CPU
		{357BCB56-E354-45F4-8D30-5D15A38614AC}.Release|Any CPU.ActiveCfg = Release|Any CPU
		{357BCB56-E354-45F4-8D30-5D15A38614AC}.Release|Any CPU.Build.0 = Release|Any CPU
	EndGlobalSection
	GlobalSection(SolutionProperties) = preSolution
		HideSolutionNode = FALSE
	EndGlobalSection
	GlobalSection(ExtensibilityGlobals) = postSolution
		SolutionGuid = {B65FC37D-E9CF-4864-BBF5-3A2771C0CCA7}
	EndGlobalSection
EndGlobal
