
Microsoft Visual Studio Solution File, Format Version 12.00
# Visual Studio Version 16
VisualStudioVersion = 16.0.31112.23
MinimumVisualStudioVersion = 10.0.40219.1
Project("{FAE04EC0-301F-11D3-BF4B-00C04F79EFBC}") = "ClassFoundation", "ClassFoundation\ClassFoundation.csproj", "{14BC4F48-54D4-4126-85F6-05FA4F422361}"
EndProject
Global
	GlobalSection(SolutionConfigurationPlatforms) = preSolution
		Debug|Any CPU = Debug|Any CPU
		Release|Any CPU = Release|Any CPU
	EndGlobalSection
	GlobalSection(ProjectConfigurationPlatforms) = postSolution
		{14BC4F48-54D4-4126-85F6-05FA4F422361}.Debug|Any CPU.ActiveCfg = Debug|Any CPU
		{14BC4F48-54D4-4126-85F6-05FA4F422361}.Debug|Any CPU.Build.0 = Debug|Any CPU
		{14BC4F48-54D4-4126-85F6-05FA4F422361}.Release|Any CPU.ActiveCfg = Release|Any CPU
		{14BC4F48-54D4-4126-85F6-05FA4F422361}.Release|Any CPU.Build.0 = Release|Any CPU
	EndGlobalSection
	GlobalSection(SolutionProperties) = preSolution
		HideSolutionNode = FALSE
	EndGlobalSection
	GlobalSection(ExtensibilityGlobals) = postSolution
		SolutionGuid = {3495E233-5B50-4109-81A0-2D1091858859}
	EndGlobalSection
EndGlobal
